// !$*UTF8*$!
{
	archiveVersion = 1;
	classes = {
	};
	objectVersion = 46;
	objects = {

/* Begin PBXBuildFile section */
		536B0D001F77DFD300563DDB /* ListaLivrosExtension.swift in Sources */ = {isa = PBXBuildFile; fileRef = 536B0CFF1F77DFD300563DDB /* ListaLivrosExtension.swift */; };
		539EE9611DA071E20032F523 /* AppDelegate.swift in Sources */ = {isa = PBXBuildFile; fileRef = 539EE9601DA071E20032F523 /* AppDelegate.swift */; };
		539EE9661DA071E20032F523 /* Main.storyboard in Resources */ = {isa = PBXBuildFile; fileRef = 539EE9641DA071E20032F523 /* Main.storyboard */; };
		539EE9691DA071E20032F523 /* Book_Catalog.xcdatamodeld in Sources */ = {isa = PBXBuildFile; fileRef = 539EE9671DA071E20032F523 /* Book_Catalog.xcdatamodeld */; };
		539EE96B1DA071E20032F523 /* Assets.xcassets in Resources */ = {isa = PBXBuildFile; fileRef = 539EE96A1DA071E20032F523 /* Assets.xcassets */; };
		539EE96E1DA071E20032F523 /* LaunchScreen.storyboard in Resources */ = {isa = PBXBuildFile; fileRef = 539EE96C1DA071E20032F523 /* LaunchScreen.storyboard */; };
		539EE9791DA073F60032F523 /* CoreDataTableViewController.swift in Sources */ = {isa = PBXBuildFile; fileRef = 539EE9781DA073F60032F523 /* CoreDataTableViewController.swift */; };
		539EE97B1DA074210032F523 /* ListaLivrosController.swift in Sources */ = {isa = PBXBuildFile; fileRef = 539EE97A1DA074210032F523 /* ListaLivrosController.swift */; };
		539EE97F1DA074D90032F523 /* Livro+CoreDataClass.swift in Sources */ = {isa = PBXBuildFile; fileRef = 539EE97D1DA074D90032F523 /* Livro+CoreDataClass.swift */; };
		539EE9801DA074D90032F523 /* Livro+CoreDataProperties.swift in Sources */ = {isa = PBXBuildFile; fileRef = 539EE97E1DA074D90032F523 /* Livro+CoreDataProperties.swift */; };
		539EE9821DA078910032F523 /* DetalheLivroController.swift in Sources */ = {isa = PBXBuildFile; fileRef = 539EE9811DA078910032F523 /* DetalheLivroController.swift */; };
/* End PBXBuildFile section */

/* Begin PBXFileReference section */
		536B0CFF1F77DFD300563DDB /* ListaLivrosExtension.swift */ = {isa = PBXFileReference; fileEncoding = 4; lastKnownFileType = sourcecode.swift; path = ListaLivrosExtension.swift; sourceTree = "<group>"; };
		539EE95D1DA071E20032F523 /* Book Catalog.app */ = {isa = PBXFileReference; explicitFileType = wrapper.application; includeInIndex = 0; path = "Book Catalog.app"; sourceTree = BUILT_PRODUCTS_DIR; };
		539EE9601DA071E20032F523 /* AppDelegate.swift */ = {isa = PBXFileReference; lastKnownFileType = sourcecode.swift; path = AppDelegate.swift; sourceTree = "<group>"; };
		539EE9651DA071E20032F523 /* Base */ = {isa = PBXFileReference; lastKnownFileType = file.storyboard; name = Base; path = Base.lproj/Main.storyboard; sourceTree = "<group>"; };
		539EE9681DA071E20032F523 /* Book_Catalog.xcdatamodel */ = {isa = PBXFileReference; lastKnownFileType = wrapper.xcdatamodel; path = Book_Catalog.xcdatamodel; sourceTree = "<group>"; };
		539EE96A1DA071E20032F523 /* Assets.xcassets */ = {isa = PBXFileReference; lastKnownFileType = folder.assetcatalog; path = Assets.xcassets; sourceTree = "<group>"; };
		539EE96D1DA071E20032F523 /* Base */ = {isa = PBXFileReference; lastKnownFileType = file.storyboard; name = Base; path = Base.lproj/LaunchScreen.storyboard; sourceTree = "<group>"; };
		539EE96F1DA071E20032F523 /* Info.plist */ = {isa = PBXFileReference; lastKnownFileType = text.plist.xml; path = Info.plist; sourceTree = "<group>"; };
		539EE9781DA073F60032F523 /* CoreDataTableViewController.swift */ = {isa = PBXFileReference; fileEncoding = 4; lastKnownFileType = sourcecode.swift; path = CoreDataTableViewController.swift; sourceTree = "<group>"; };
		539EE97A1DA074210032F523 /* ListaLivrosController.swift */ = {isa = PBXFileReference; fileEncoding = 4; lastKnownFileType = sourcecode.swift; path = ListaLivrosController.swift; sourceTree = "<group>"; };
		539EE97D1DA074D90032F523 /* Livro+CoreDataClass.swift */ = {isa = PBXFileReference; fileEncoding = 4; lastKnownFileType = sourcecode.swift; path = "Livro+CoreDataClass.swift"; sourceTree = "<group>"; };
		539EE97E1DA074D90032F523 /* Livro+CoreDataProperties.swift */ = {isa = PBXFileReference; fileEncoding = 4; lastKnownFileType = sourcecode.swift; path = "Livro+CoreDataProperties.swift"; sourceTree = "<group>"; };
		539EE9811DA078910032F523 /* DetalheLivroController.swift */ = {isa = PBXFileReference; fileEncoding = 4; lastKnownFileType = sourcecode.swift; path = DetalheLivroController.swift; sourceTree = "<group>"; };
/* End PBXFileReference section */

/* Begin PBXFrameworksBuildPhase section */
		539EE95A1DA071E20032F523 /* Frameworks */ = {
			isa = PBXFrameworksBuildPhase;
			buildActionMask = 2147483647;
			files = (
			);
			runOnlyForDeploymentPostprocessing = 0;
		};
/* End PBXFrameworksBuildPhase section */

/* Begin PBXGroup section */
		539EE9541DA071E20032F523 = {
			isa = PBXGroup;
			children = (
				539EE95F1DA071E20032F523 /* Book Catalog */,
				539EE95E1DA071E20032F523 /* Products */,
			);
			sourceTree = "<group>";
		};
		539EE95E1DA071E20032F523 /* Products */ = {
			isa = PBXGroup;
			children = (
				539EE95D1DA071E20032F523 /* Book Catalog.app */,
			);
			name = Products;
			sourceTree = "<group>";
		};
		539EE95F1DA071E20032F523 /* Book Catalog */ = {
			isa = PBXGroup;
			children = (
				539EE97C1DA074270032F523 /* Livros */,
				539EE9771DA072040032F523 /* Storyboard */,
				539EE9761DA071F70032F523 /* Core Data */,
				539EE9751DA071ED0032F523 /* Support Files */,
			);
			path = "Book Catalog";
			sourceTree = "<group>";
		};
		539EE9751DA071ED0032F523 /* Support Files */ = {
			isa = PBXGroup;
			children = (
				539EE9601DA071E20032F523 /* AppDelegate.swift */,
				539EE96A1DA071E20032F523 /* Assets.xcassets */,
				539EE96C1DA071E20032F523 /* LaunchScreen.storyboard */,
				539EE96F1DA071E20032F523 /* Info.plist */,
			);
			name = "Support Files";
			sourceTree = "<group>";
		};
		539EE9761DA071F70032F523 /* Core Data */ = {
			isa = PBXGroup;
			children = (
				539EE97D1DA074D90032F523 /* Livro+CoreDataClass.swift */,
				539EE97E1DA074D90032F523 /* Livro+CoreDataProperties.swift */,
				539EE9781DA073F60032F523 /* CoreDataTableViewController.swift */,
				539EE9671DA071E20032F523 /* Book_Catalog.xcdatamodeld */,
			);
			name = "Core Data";
			sourceTree = "<group>";
		};
		539EE9771DA072040032F523 /* Storyboard */ = {
			isa = PBXGroup;
			children = (
				539EE9641DA071E20032F523 /* Main.storyboard */,
			);
			name = Storyboard;
			sourceTree = "<group>";
		};
		539EE97C1DA074270032F523 /* Livros */ = {
			isa = PBXGroup;
			children = (
				539EE9811DA078910032F523 /* DetalheLivroController.swift */,
				539EE97A1DA074210032F523 /* ListaLivrosController.swift */,
				536B0CFF1F77DFD300563DDB /* ListaLivrosExtension.swift */,
			);
			name = Livros;
			sourceTree = "<group>";
		};
/* End PBXGroup section */

/* Begin PBXNativeTarget section */
		539EE95C1DA071E20032F523 /* Book Catalog */ = {
			isa = PBXNativeTarget;
			buildConfigurationList = 539EE9721DA071E20032F523 /* Build configuration list for PBXNativeTarget "Book Catalog" */;
			buildPhases = (
				539EE9591DA071E20032F523 /* Sources */,
				539EE95A1DA071E20032F523 /* Frameworks */,
				539EE95B1DA071E20032F523 /* Resources */,
			);
			buildRules = (
			);
			dependencies = (
			);
			name = "Book Catalog";
			productName = "Book Catalog";
			productReference = 539EE95D1DA071E20032F523 /* Book Catalog.app */;
			productType = "com.apple.product-type.application";
		};
/* End PBXNativeTarget section */

/* Begin PBXProject section */
		539EE9551DA071E20032F523 /* Project object */ = {
			isa = PBXProject;
			attributes = {
				LastSwiftUpdateCheck = 0800;
				LastUpgradeCheck = 0830;
				ORGANIZATIONNAME = "Rafael Jeffman";
				TargetAttributes = {
					539EE95C1DA071E20032F523 = {
						CreatedOnToolsVersion = 8.0;
						DevelopmentTeam = 67PX7SHSDS;
						ProvisioningStyle = Automatic;
					};
				};
			};
			buildConfigurationList = 539EE9581DA071E20032F523 /* Build configuration list for PBXProject "Book Catalog" */;
			compatibilityVersion = "Xcode 3.2";
			developmentRegion = English;
			hasScannedForEncodings = 0;
			knownRegions = (
				en,
				Base,
			);
			mainGroup = 539EE9541DA071E20032F523;
			productRefGroup = 539EE95E1DA071E20032F523 /* Products */;
			projectDirPath = "";
			projectRoot = "";
			targets = (
				539EE95C1DA071E20032F523 /* Book Catalog */,
			);
		};
/* End PBXProject section */

/* Begin PBXResourcesBuildPhase section */
		539EE95B1DA071E20032F523 /* Resources */ = {
			isa = PBXResourcesBuildPhase;
			buildActionMask = 2147483647;
			files = (
				539EE96E1DA071E20032F523 /* LaunchScreen.storyboard in Resources */,
				539EE96B1DA071E20032F523 /* Assets.xcassets in Resources */,
				539EE9661DA071E20032F523 /* Main.storyboard in Resources */,
			);
			runOnlyForDeploymentPostprocessing = 0;
		};
/* End PBXResourcesBuildPhase section */

/* Begin PBXSourcesBuildPhase section */
		539EE9591DA071E20032F523 /* Sources */ = {
			isa = PBXSourcesBuildPhase;
			buildActionMask = 2147483647;
			files = (
				539EE9801DA074D90032F523 /* Livro+CoreDataProperties.swift in Sources */,
				539EE9691DA071E20032F523 /* Book_Catalog.xcdatamodeld in Sources */,
				539EE9821DA078910032F523 /* DetalheLivroController.swift in Sources */,
				539EE9611DA071E20032F523 /* AppDelegate.swift in Sources */,
				539EE97B1DA074210032F523 /* ListaLivrosController.swift in Sources */,
				539EE9791DA073F60032F523 /* CoreDataTableViewController.swift in Sources */,
				536B0D001F77DFD300563DDB /* ListaLivrosExtension.swift in Sources */,
				539EE97F1DA074D90032F523 /* Livro+CoreDataClass.swift in Sources */,
			);
			runOnlyForDeploymentPostprocessing = 0;
		};
/* End PBXSourcesBuildPhase section */

/* Begin PBXVariantGroup section */
		539EE9641DA071E20032F523 /* Main.storyboard */ = {
			isa = PBXVariantGroup;
			children = (
				539EE9651DA071E20032F523 /* Base */,
			);
			name = Main.storyboard;
			sourceTree = "<group>";
		};
		539EE96C1DA071E20032F523 /* LaunchScreen.storyboard */ = {
			isa = PBXVariantGroup;
			children = (
				539EE96D1DA071E20032F523 /* Base */,
			);
			name = LaunchScreen.storyboard;
			sourceTree = "<group>";
		};
/* End PBXVariantGroup section */

/* Begin XCBuildConfiguration section */
		539EE9701DA071E20032F523 /* Debug */ = {
			isa = XCBuildConfiguration;
			buildSettings = {
				ALWAYS_SEARCH_USER_PATHS = NO;
				CLANG_ANALYZER_NONNULL = YES;
				CLANG_CXX_LANGUAGE_STANDARD = "gnu++0x";
				CLANG_CXX_LIBRARY = "libc++";
				CLANG_ENABLE_MODULES = YES;
				CLANG_ENABLE_OBJC_ARC = YES;
				CLANG_WARN_BOOL_CONVERSION = YES;
				CLANG_WARN_CONSTANT_CONVERSION = YES;
				CLANG_WARN_DIRECT_OBJC_ISA_USAGE = YES_ERROR;
				CLANG_WARN_DOCUMENTATION_COMMENTS = YES;
				CLANG_WARN_EMPTY_BODY = YES;
				CLANG_WARN_ENUM_CONVERSION = YES;
				CLANG_WARN_INFINITE_RECURSION = YES;
				CLANG_WARN_INT_CONVERSION = YES;
				CLANG_WARN_OBJC_ROOT_CLASS = YES_ERROR;
				CLANG_WARN_SUSPICIOUS_MOVE = YES;
				CLANG_WARN_SUSPICIOUS_MOVES = YES;
				CLANG_WARN_UNREACHABLE_CODE = YES;
				CLANG_WARN__DUPLICATE_METHOD_MATCH = YES;
				"CODE_SIGN_IDENTITY[sdk=iphoneos*]" = "iPhone Developer";
				COPY_PHASE_STRIP = NO;
				DEBUG_INFORMATION_FORMAT = dwarf;
				ENABLE_STRICT_OBJC_MSGSEND = YES;
				ENABLE_TESTABILITY = YES;
				GCC_C_LANGUAGE_STANDARD = gnu99;
				GCC_DYNAMIC_NO_PIC = NO;
				GCC_NO_COMMON_BLOCKS = YES;
				GCC_OPTIMIZATION_LEVEL = 0;
				GCC_PREPROCESSOR_DEFINITIONS = (
					"DEBUG=1",
					"$(inherited)",
				);
				GCC_WARN_64_TO_32_BIT_CONVERSION = YES;
				GCC_WARN_ABOUT_RETURN_TYPE = YES_ERROR;
				GCC_WARN_UNDECLARED_SELECTOR = YES;
				GCC_WARN_UNINITIALIZED_AUTOS = YES_AGGRESSIVE;
				GCC_WARN_UNUSED_FUNCTION = YES;
				GCC_WARN_UNUSED_VARIABLE = YES;
				IPHONEOS_DEPLOYMENT_TARGET = 10.3;
				MTL_ENABLE_DEBUG_INFO = YES;
				ONLY_ACTIVE_ARCH = YES;
				SDKROOT = iphoneos;
				SWIFT_ACTIVE_COMPILATION_CONDITIONS = DEBUG;
				SWIFT_OPTIMIZATION_LEVEL = "-Onone";
			};
			name = Debug;
		};
		539EE9711DA071E20032F523 /* Release */ = {
			isa = XCBuildConfiguration;
			buildSettings = {
				ALWAYS_SEARCH_USER_PATHS = NO;
				CLANG_ANALYZER_NONNULL = YES;
				CLANG_CXX_LANGUAGE_STANDARD = "gnu++0x";
				CLANG_CXX_LIBRARY = "libc++";
				CLANG_ENABLE_MODULES = YES;
				CLANG_ENABLE_OBJC_ARC = YES;
				CLANG_WARN_BOOL_CONVERSION = YES;
				CLANG_WARN_CONSTANT_CONVERSION = YES;
				CLANG_WARN_DIRECT_OBJC_ISA_USAGE = YES_ERROR;
				CLANG_WARN_DOCUMENTATION_COMMENTS = YES;
				CLANG_WARN_EMPTY_BODY = YES;
				CLANG_WARN_ENUM_CONVERSION = YES;
				CLANG_WARN_INFINITE_RECURSION = YES;
				CLANG_WARN_INT_CONVERSION = YES;
				CLANG_WARN_OBJC_ROOT_CLASS = YES_ERROR;
				CLANG_WARN_SUSPICIOUS_MOVE = YES;
				CLANG_WARN_SUSPICIOUS_MOVES = YES;
				CLANG_WARN_UNREACHABLE_CODE = YES;
				CLANG_WARN__DUPLICATE_METHOD_MATCH = YES;
				"CODE_SIGN_IDENTITY[sdk=iphoneos*]" = "iPhone Developer";
				COPY_PHASE_STRIP = NO;
				DEBUG_INFORMATION_FORMAT = "dwarf-with-dsym";
				ENABLE_NS_ASSERTIONS = NO;
				ENABLE_STRICT_OBJC_MSGSEND = YES;
				GCC_C_LANGUAGE_STANDARD = gnu99;
				GCC_NO_COMMON_BLOCKS = YES;
				GCC_WARN_64_TO_32_BIT_CONVERSION = YES;
				GCC_WARN_ABOUT_RETURN_TYPE = YES_ERROR;
				GCC_WARN_UNDECLARED_SELECTOR = YES;
				GCC_WARN_UNINITIALIZED_AUTOS = YES_AGGRESSIVE;
				GCC_WARN_UNUSED_FUNCTION = YES;
				GCC_WARN_UNUSED_VARIABLE = YES;
				IPHONEOS_DEPLOYMENT_TARGET = 10.3;
				MTL_ENABLE_DEBUG_INFO = NO;
				SDKROOT = iphoneos;
				SWIFT_OPTIMIZATION_LEVEL = "-Owholemodule";
				VALIDATE_PRODUCT = YES;
			};
			name = Release;
		};
		539EE9731DA071E20032F523 /* Debug */ = {
			isa = XCBuildConfiguration;
			buildSettings = {
				ASSETCATALOG_COMPILER_APPICON_NAME = AppIcon;
				DEVELOPMENT_TEAM = 67PX7SHSDS;
				INFOPLIST_FILE = "Book Catalog/Info.plist";
				LD_RUNPATH_SEARCH_PATHS = "$(inherited) @executable_path/Frameworks";
				PRODUCT_BUNDLE_IDENTIFIER = "com.rafaeljeffman.rafasgj.Book-Catalog";
				PRODUCT_NAME = "$(TARGET_NAME)";
				SWIFT_VERSION = 3.0;
			};
			name = Debug;
		};
		539EE9741DA071E20032F523 /* Release */ = {
			isa = XCBuildConfiguration;
			buildSettings = {
				ASSETCATALOG_COMPILER_APPICON_NAME = AppIcon;
				DEVELOPMENT_TEAM = 67PX7SHSDS;
				INFOPLIST_FILE = "Book Catalog/Info.plist";
				LD_RUNPATH_SEARCH_PATHS = "$(inherited) @executable_path/Frameworks";
				PRODUCT_BUNDLE_IDENTIFIER = "com.rafaeljeffman.rafasgj.Book-Catalog";
				PRODUCT_NAME = "$(TARGET_NAME)";
				SWIFT_VERSION = 3.0;
			};
			name = Release;
		};
/* End XCBuildConfiguration section */

/* Begin XCConfigurationList section */
		539EE9581DA071E20032F523 /* Build configuration list for PBXProject "Book Catalog" */ = {
			isa = XCConfigurationList;
			buildConfigurations = (
				539EE9701DA071E20032F523 /* Debug */,
				539EE9711DA071E20032F523 /* Release */,
			);
			defaultConfigurationIsVisible = 0;
			defaultConfigurationName = Release;
		};
		539EE9721DA071E20032F523 /* Build configuration list for PBXNativeTarget "Book Catalog" */ = {
			isa = XCConfigurationList;
			buildConfigurations = (
				539EE9731DA071E20032F523 /* Debug */,
				539EE9741DA071E20032F523 /* Release */,
			);
			defaultConfigurationIsVisible = 0;
			defaultConfigurationName = Release;
		};
/* End XCConfigurationList section */

/* Begin XCVersionGroup section */
		539EE9671DA071E20032F523 /* Book_Catalog.xcdatamodeld */ = {
			isa = XCVersionGroup;
			children = (
				539EE9681DA071E20032F523 /* Book_Catalog.xcdatamodel */,
			);
			currentVersion = 539EE9681DA071E20032F523 /* Book_Catalog.xcdatamodel */;
			path = Book_Catalog.xcdatamodeld;
			sourceTree = "<group>";
			versionGroupType = wrapper.xcdatamodel;
		};
/* End XCVersionGroup section */
	};
	rootObject = 539EE9551DA071E20032F523 /* Project object */;
}
